
Microsoft Visual Studio Solution File, Format Version 12.00
# Visual Studio Version 16
VisualStudioVersion = 16.0.31129.286
MinimumVisualStudioVersion = 10.0.40219.1
Project("{FAE04EC0-301F-11D3-BF4B-00C04F79EFBC}") = "GameSellingDemo", "GameSellingDemo\GameSellingDemo.csproj", "{3AC3876D-F153-4208-BD12-4C3A52D8F14A}"
EndProject
Global
	GlobalSection(SolutionConfigurationPlatforms) = preSolution
		Debug|Any CPU = Debug|Any CPU
		Release|Any CPU = Release|Any CPU
	EndGlobalSection
	GlobalSection(ProjectConfigurationPlatforms) = postSolution
		{3AC3876D-F153-4208-BD12-4C3A52D8F14A}.Debug|Any CPU.ActiveCfg = Debug|Any CPU
		{3AC3876D-F153-4208-BD12-4C3A52D8F14A}.Debug|Any CPU.Build.0 = Debug|Any CPU
		{3AC3876D-F153-4208-BD12-4C3A52D8F14A}.Release|Any CPU.ActiveCfg = Release|Any CPU
		{3AC3876D-F153-4208-BD12-4C3A52D8F14A}.Release|Any CPU.Build.0 = Release|Any CPU
	EndGlobalSection
	GlobalSection(SolutionProperties) = preSolution
		HideSolutionNode = FALSE
	EndGlobalSection
	GlobalSection(ExtensibilityGlobals) = postSolution
		SolutionGuid = {A529B991-22B3-41DA-97FA-42CCFCCE2DCE}
	EndGlobalSection
EndGlobal
